
Microsoft Visual Studio Solution File, Format Version 12.00
# Visual Studio Version 17
VisualStudioVersion = 17.5.33424.131
MinimumVisualStudioVersion = 10.0.40219.1
Project("{9A19103F-16F7-4668-BE54-9A1E7A4F7556}") = "MedicalCards.DAL", "MedicalCards.DAL\MedicalCards.DAL.csproj", "{3E2C45A8-07B0-4ECB-8511-7B3CEAEF2DAF}"
EndProject
Project("{9A19103F-16F7-4668-BE54-9A1E7A4F7556}") = "MedicalCards.DAL.Tests", "MedicalCards.DAL.Tests\MedicalCards.DAL.Tests.csproj", "{714AE329-651B-49BB-AB55-05EE6F84B1BF}"
EndProject
Project("{9A19103F-16F7-4668-BE54-9A1E7A4F7556}") = "MedicalCards.BLL", "MedicalCards.BLL\MedicalCards.BLL.csproj", "{CB969290-69FC-4EA2-829C-A0DF758B6515}"
EndProject
Project("{FAE04EC0-301F-11D3-BF4B-00C04F79EFBC}") = "WindowsInterfaces", "WindowsInterfaces\WindowsInterfaces.csproj", "{18BE8700-F6C5-4952-A699-16E5667A4D32}"
EndProject
Global
	GlobalSection(SolutionConfigurationPlatforms) = preSolution
		Debug|Any CPU = Debug|Any CPU
		Release|Any CPU = Release|Any CPU
	EndGlobalSection
	GlobalSection(ProjectConfigurationPlatforms) = postSolution
		{3E2C45A8-07B0-4ECB-8511-7B3CEAEF2DAF}.Debug|Any CPU.ActiveCfg = Debug|Any CPU
		{3E2C45A8-07B0-4ECB-8511-7B3CEAEF2DAF}.Debug|Any CPU.Build.0 = Debug|Any CPU
		{3E2C45A8-07B0-4ECB-8511-7B3CEAEF2DAF}.Release|Any CPU.ActiveCfg = Release|Any CPU
		{3E2C45A8-07B0-4ECB-8511-7B3CEAEF2DAF}.Release|Any CPU.Build.0 = Release|Any CPU
		{714AE329-651B-49BB-AB55-05EE6F84B1BF}.Debug|Any CPU.ActiveCfg = Debug|Any CPU
		{714AE329-651B-49BB-AB55-05EE6F84B1BF}.Debug|Any CPU.Build.0 = Debug|Any CPU
		{714AE329-651B-49BB-AB55-05EE6F84B1BF}.Release|Any CPU.ActiveCfg = Release|Any CPU
		{714AE329-651B-49BB-AB55-05EE6F84B1BF}.Release|Any CPU.Build.0 = Release|Any CPU
		{CB969290-69FC-4EA2-829C-A0DF758B6515}.Debug|Any CPU.ActiveCfg = Debug|Any CPU
		{CB969290-69FC-4EA2-829C-A0DF758B6515}.Debug|Any CPU.Build.0 = Debug|Any CPU
		{CB969290-69FC-4EA2-829C-A0DF758B6515}.Release|Any CPU.ActiveCfg = Release|Any CPU
		{CB969290-69FC-4EA2-829C-A0DF758B6515}.Release|Any CPU.Build.0 = Release|Any CPU
		{18BE8700-F6C5-4952-A699-16E5667A4D32}.Debug|Any CPU.ActiveCfg = Debug|Any CPU
		{18BE8700-F6C5-4952-A699-16E5667A4D32}.Debug|Any CPU.Build.0 = Debug|Any CPU
		{18BE8700-F6C5-4952-A699-16E5667A4D32}.Release|Any CPU.ActiveCfg = Release|Any CPU
		{18BE8700-F6C5-4952-A699-16E5667A4D32}.Release|Any CPU.Build.0 = Release|Any CPU
	EndGlobalSection
	GlobalSection(SolutionProperties) = preSolution
		HideSolutionNode = FALSE
	EndGlobalSection
	GlobalSection(ExtensibilityGlobals) = postSolution
		SolutionGuid = {2DD2802D-81F0-4925-A7C3-3BE5565FBAD7}
	EndGlobalSection
EndGlobal
